{
    "Version": "9.1.0",
    "Packages": [
        {
            "Name": "license.xml",
            "Length": null,
            "Sha256": null
        },
        {
            "Name": "Sitecore XM 9.1.0 rev. 001564 (OnPrem)_cm.scwdp.zip",
            "Length": 217488905,
            "Sha256": "4E38B366F8C169405F264CCF0F7E583D5CA386157ADD9DCD5105CD17D9FE5DD1"
        },
        {
            "Name": "Sitecore Experience Accelerator XM 1.9.0 rev. 190528 for 9.1.scwdp.zip",
            "Length": 16400738,
            "Sha256": "ECB7AE8AFEDA06D934A0C814D313F7B48232B0C472EA36176D32EF69AAF36EB5"
        },
        {
            "Name": "Sitecore JavaScript Services Server for Sitecore 9.1 XM 11.0.0 rev. 181113.scwdp.zip",
            "Length": 1306515,
            "Sha256": "C0848436990FF639C082CE8731EADD4C2894EABAAC5EDC07F61EBDE7F2EF6D39"
        },
        {
            "Name": "Sitecore.IdentityServer.8.0.37.scwdp.zip",
            "Length": 17379862,
            "Sha256": "608B9754CF313CE54CBEB3E99A5157F9011E11163CF684322176351314E6E1D9"
        },
        {
            "Name": "Sitecore.IdentityServer.UpgradeScripts.8.0.zip",
            "Length": 1458,
            "Sha256": "4AB629FB6AAE70B46199F5429EC47514F5039A01DE65A0EE8F23A2CA993A488C"
        },
        {
            "Name": "Sitecore.PowerShell.Extensions-8.0.scwdp.zip",
            "Length": 1827432,
            "Sha256": "A5EF5730751C325AA21F69081DF8F50A8E18E4BCE5A2F41ABE0134E23352314C"
        },
        {
            "Name": "SC Hotfix 584731-1 for 9.1.0.zip",
            "Length": 3740321,
            "Sha256": "484A63E4105F0C8C91BCC6403F7DAAB83BF3CF368852F020B0CC29B099857329"
        },
        {
            "Name": "Sitecore.Support.PDXP-9109.zip",
            "Length": 6105,
            "Sha256": "E90F7E5F98497A62882ADA0F9B857EA9697DD4776534EEFEE96BD93D664CE240"
        },
        {
            "Name": "Sitecore.Support.9.0-9.3.zip",
            "Length": 13021,
            "Sha256": "A6D75A69537B6AA3DD3115A8018507DACE0AABEE4913B8C6002B1BF382AAA165"
        }
    ]
}
