{
    "Version": "10.3.2",
    "Packages": [
        {
            "Name": "license.xml",
            "Length": null,
            "Sha256": null
        },
        {
            "Name": "Sitecore 10.3.2 rev. 010837 (XM) (OnPrem)_cm.scwdp.zip",
            "Length": 199322545,
            "Sha256": "72026C97F867B13DB9F42621F6AC50BD4CEDD2BA957C944B88C180F1FEE853DD"
        },
        {
            "Name": "Sitecore Experience Accelerator XM 10.3.0 rev. 00074.scwdp.zip",
            "Length": 23579722,
            "Sha256": "4B8C21E31EE6F862D5485D59C41996A157D71465667FFC6FAA6B3D3B318AF520"
        },
        {
            "Name": "Sitecore Headless Services Server XM 21.0.587.scwdp.zip",
            "Length": 2011625,
            "Sha256": "6A40EABBF23628499B27EBF454A97BFC340AF0156E33E768A0D65FADE7EDD983"
        },
        {
            "Name": "Sitecore.IdentityServer.9.0.7.scwdp.zip",
            "Length": 17452341,
            "Sha256": "2A162C78F170499B5D05439644BAC7343B3E846E45168ED77A136E55B3B6BA57"
        },
        {
            "Name": "Sitecore.IdentityServer.UpgradeScripts.9.0.zip",
            "Length": 1458,
            "Sha256": "C306F338AC0D0F1E9AD9D78D750C4582606301DF6F4D3A93080FF6F201F78074"
        },
        {
            "Name": "Sitecore.ManagementServices 5.2.129.scwdp.zip",
            "Length": 1625932,
            "Sha256": "61A3EF0A588EF61D4B0E9F3E2A22D88E160AAB8B455E302FEC1CA4D4BD6AE9F3"
        },
        {
            "Name": "Sitecore.PowerShell.Extensions-8.0-IAR.scwdp.zip",
            "Length": 2063550,
            "Sha256": "C373CDF49360D3A4E3023FDA5F9BACD110E73A01A508BDD631F255C9FBEBA7EA"
        },
        {
            "Name": "Sitecore 10.3.4 rev. 014468 PRE (XM) (OnPrem)_cm.cumulative.delta.scwdp.zip",
            "Length": 34491655,
            "Sha256": "0F2C73C25542327629106B3BCCEA9707E80F7B54847B702CD8EB385F4A065F70"
        },
        {
            "Name": "Sitecore.IdentityServer 8.0 rev. 37 (OnPrem)_identityserver.cumulative.delta.scwdp.zip",
            "Length": 2783,
            "Sha256": "D4995306DCABFFB0DF62A9FC1F58B4B6799E779249B1B99B9D76E5F80ED86F66"
        },
        {
            "Name": "SC Hotfix 616573-1 Layout Service 9.0.0.zip",
            "Length": 79433,
            "Sha256": "BB4A4EA71576B6CB043105B7EAB4031A8686AEAADB004C1312AE4C34E2920E63"
        },
        {
            "Name": "SC Hotfix-PDXP-21021-1 GraphQL 7.0.0.zip",
            "Length": 847722,
            "Sha256": "CB823D639C26928181AE24AACD934379E2C5586626C3A9614CCF17C32FD657E9"
        },
        {
            "Name": "SC Hotfix SXA-9153-1 10.3.0 rev. 00074..zip",
            "Length": 22249463,
            "Sha256": "8B4525BB0BF266E6AA6A6AE50587890C12A0261DB787E16CF61571977C187071"
        }
    ]
}
