{
    "Version": "10.2.2",
    "Packages": [
        {
            "Name": "license.xml",
            "Length": null,
            "Sha256": null
        },
        {
            "Name": "Sitecore 10.2.2 rev. 010645 (XM) (OnPrem)_cm.scwdp.zip",
            "Length": 197626160,
            "Sha256": "EC8060B5828E4D722EF535AEE427986C46960E402114ED18B8FD9C4583FE8AF5"
        },
        {
            "Name": "Sitecore Experience Accelerator XM 10.2.0 rev. 04247.scwdp.zip",
            "Length": 23524082,
            "Sha256": "71BA03CB9002813D14D1FBF9D18F9B4538C73362165EA30E0B5BC0F22D40ACE2"
        },
        {
            "Name": "Sitecore Headless Services Server XM 20.0.2 rev. 00545.scwdp.zip",
            "Length": 1772359,
            "Sha256": "014DC9BEF486E628AB549B0107E4C234F4668D1469E54D5F841714A8397C7F99"
        },
        {
            "Name": "Sitecore.IdentityServer.8.0.37.scwdp.zip",
            "Length": 17379862,
            "Sha256": "608B9754CF313CE54CBEB3E99A5157F9011E11163CF684322176351314E6E1D9"
        },
        {
            "Name": "Sitecore.IdentityServer.UpgradeScripts.8.0.zip",
            "Length": 1458,
            "Sha256": "4AB629FB6AAE70B46199F5429EC47514F5039A01DE65A0EE8F23A2CA993A488C"
        },
        {
            "Name": "Sitecore.ManagementServices 5.2.129.scwdp.zip",
            "Length": 1625932,
            "Sha256": "61A3EF0A588EF61D4B0E9F3E2A22D88E160AAB8B455E302FEC1CA4D4BD6AE9F3"
        },
        {
            "Name": "Sitecore.PowerShell.Extensions-8.0-IAR.scwdp.zip",
            "Length": 2063550,
            "Sha256": "C373CDF49360D3A4E3023FDA5F9BACD110E73A01A508BDD631F255C9FBEBA7EA"
        },
        {
            "Name": "Sitecore 10.2.3 rev. 013888 PRE (XM) (OnPrem)_cm.delta.scwdp.zip",
            "Length": 13409730,
            "Sha256": "6001AE92185D3856725670FEDC1550924060BE50B4A552369D2FFA200798E204"
        },
        {
            "Name": "Sitecore.IdentityServer 8.0 rev. 37 (OnPrem)_identityserver.delta.scwdp.zip",
            "Length": 2783,
            "Sha256": "ACBD26039FC2FCE47517218689B1DD5F7E39CAAD484581C727E5FA8C3FD8DBA5"
        },
        {
            "Name": "SC Hotfix 609694-1 Layout Service 8.1.0.zip",
            "Length": 65986,
            "Sha256": "191887410BCDFC5524AD0F9B5DBABB6B78CE4507B660CF5AAADFDDF92FEED55A"
        },
        {
            "Name": "SC Hotfix 610626-1 JSS 20.0.2.zip",
            "Length": 27050,
            "Sha256": "6BB1218BC24947B35EDA58634C040352B37298DB4C423A1513A38FFF03B8C69B"
        },
        {
            "Name": "SC Hotfix 627255-1 GraphQL 6.1.1.zip",
            "Length": 852698,
            "Sha256": "966B12A72734408319D58F192E30232F2850455506F3D24C161CB67687184F39"
        },
        {
            "Name": "SC Hotfix SXA-8776-1 10.2.0.4247.zip",
            "Length": 21557078,
            "Sha256": "AD024827851FA5EAE414D207BCDE1BF01C9DD2E2561CF7822C0CB445F55A07A6"
        }
    ]
}
